// !$*UTF8*$!
{
	archiveVersion = 1;
	classes = {
	};
	objectVersion = 45;
	objects = {

/* Begin PBXBuildFile section */
		1D3623260D0F684500981E51 /* Facebook_DemoAppDelegate.m in Sources */ = {isa = PBXBuildFile; fileRef = 1D3623250D0F684500981E51 /* Facebook_DemoAppDelegate.m */; };
		1D60589B0D05DD56006BFB54 /* main.m in Sources */ = {isa = PBXBuildFile; fileRef = 29B97316FDCFA39411CA2CEA /* main.m */; };
		1D60589F0D05DD5A006BFB54 /* Foundation.framework in Frameworks */ = {isa = PBXBuildFile; fileRef = 1D30AB110D05D00D00671497 /* Foundation.framework */; };
		1DF5F4E00D08C38300B7A737 /* UIKit.framework in Frameworks */ = {isa = PBXBuildFile; fileRef = 1DF5F4DF0D08C38300B7A737 /* UIKit.framework */; };
		2892E4100DC94CBA00A64D0F /* CoreGraphics.framework in Frameworks */ = {isa = PBXBuildFile; fileRef = 2892E40F0DC94CBA00A64D0F /* CoreGraphics.framework */; };
		28AD73600D9D9599002E5188 /* MainWindow.xib in Resources */ = {isa = PBXBuildFile; fileRef = 28AD735F0D9D9599002E5188 /* MainWindow.xib */; };
		28C286E10D94DF7D0034E888 /* RootViewController.m in Sources */ = {isa = PBXBuildFile; fileRef = 28C286E00D94DF7D0034E888 /* RootViewController.m */; };
		28F335F11007B36200424DE2 /* RootViewController.xib in Resources */ = {isa = PBXBuildFile; fileRef = 28F335F01007B36200424DE2 /* RootViewController.xib */; };
		713DAFE413B933F40068637B /* libfacebook_ios_sdk.a in Frameworks */ = {isa = PBXBuildFile; fileRef = 713DAFE313B933F40068637B /* libfacebook_ios_sdk.a */; };
		713DAFE813B934EA0068637B /* FriendsListViewController.m in Sources */ = {isa = PBXBuildFile; fileRef = 713DAFE613B934EA0068637B /* FriendsListViewController.m */; };
		713DAFE913B934EA0068637B /* FriendsListViewController.xib in Resources */ = {isa = PBXBuildFile; fileRef = 713DAFE713B934EA0068637B /* FriendsListViewController.xib */; };
		713F66AB1323B5FE00F489F4 /* FBRequestWrapper.m in Sources */ = {isa = PBXBuildFile; fileRef = 713F66AA1323B5FE00F489F4 /* FBRequestWrapper.m */; };
		713F66DC1323C32300F489F4 /* StatusViewController.m in Sources */ = {isa = PBXBuildFile; fileRef = 713F66DA1323C32300F489F4 /* StatusViewController.m */; };
		713F66DD1323C32300F489F4 /* StatusViewController.xib in Resources */ = {isa = PBXBuildFile; fileRef = 713F66DB1323C32300F489F4 /* StatusViewController.xib */; };
		713F67231323C8AC00F489F4 /* PostLinkViewController.m in Sources */ = {isa = PBXBuildFile; fileRef = 713F67211323C8AC00F489F4 /* PostLinkViewController.m */; };
		713F67241323C8AC00F489F4 /* PostLinkViewController.xib in Resources */ = {isa = PBXBuildFile; fileRef = 713F67221323C8AC00F489F4 /* PostLinkViewController.xib */; };
		713F673F1323CB2000F489F4 /* PostPhotoViewController.m in Sources */ = {isa = PBXBuildFile; fileRef = 713F673D1323CB2000F489F4 /* PostPhotoViewController.m */; };
		713F67401323CB2000F489F4 /* PostPhotoViewController.xib in Resources */ = {isa = PBXBuildFile; fileRef = 713F673E1323CB2000F489F4 /* PostPhotoViewController.xib */; };
		713F67641323CDCE00F489F4 /* icodeblog-icon.png in Resources */ = {isa = PBXBuildFile; fileRef = 713F67631323CDCE00F489F4 /* icodeblog-icon.png */; };
		713F67BD1323D52F00F489F4 /* IFNNotificationDisplay.m in Sources */ = {isa = PBXBuildFile; fileRef = 713F67BC1323D52F00F489F4 /* IFNNotificationDisplay.m */; };
		713F67C81323D5C000F489F4 /* QuartzCore.framework in Frameworks */ = {isa = PBXBuildFile; fileRef = 713F67C71323D5C000F489F4 /* QuartzCore.framework */; };
		71654670131D25F300BB373D /* FBFeedPost.m in Sources */ = {isa = PBXBuildFile; fileRef = 7165466F131D25F300BB373D /* FBFeedPost.m */; };
/* End PBXBuildFile section */

/* Begin PBXFileReference section */
		1D30AB110D05D00D00671497 /* Foundation.framework */ = {isa = PBXFileReference; lastKnownFileType = wrapper.framework; name = Foundation.framework; path = System/Library/Frameworks/Foundation.framework; sourceTree = SDKROOT; };
		1D3623240D0F684500981E51 /* Facebook_DemoAppDelegate.h */ = {isa = PBXFileReference; fileEncoding = 4; lastKnownFileType = sourcecode.c.h; name = Facebook_DemoAppDelegate.h; path = Classes/Facebook_DemoAppDelegate.h; sourceTree = "<group>"; };
		1D3623250D0F684500981E51 /* Facebook_DemoAppDelegate.m */ = {isa = PBXFileReference; fileEncoding = 4; lastKnownFileType = sourcecode.c.objc; name = Facebook_DemoAppDelegate.m; path = Classes/Facebook_DemoAppDelegate.m; sourceTree = "<group>"; };
		1D6058910D05DD3D006BFB54 /* Facebook Demo.app */ = {isa = PBXFileReference; explicitFileType = wrapper.application; includeInIndex = 0; path = "Facebook Demo.app"; sourceTree = BUILT_PRODUCTS_DIR; };
		1DF5F4DF0D08C38300B7A737 /* UIKit.framework */ = {isa = PBXFileReference; lastKnownFileType = wrapper.framework; name = UIKit.framework; path = System/Library/Frameworks/UIKit.framework; sourceTree = SDKROOT; };
		2892E40F0DC94CBA00A64D0F /* CoreGraphics.framework */ = {isa = PBXFileReference; lastKnownFileType = wrapper.framework; name = CoreGraphics.framework; path = System/Library/Frameworks/CoreGraphics.framework; sourceTree = SDKROOT; };
		28A0AAE50D9B0CCF005BE974 /* Facebook_Demo_Prefix.pch */ = {isa = PBXFileReference; fileEncoding = 4; lastKnownFileType = sourcecode.c.h; path = Facebook_Demo_Prefix.pch; sourceTree = "<group>"; };
		28AD735F0D9D9599002E5188 /* MainWindow.xib */ = {isa = PBXFileReference; lastKnownFileType = file.xib; path = MainWindow.xib; sourceTree = "<group>"; };
		28C286DF0D94DF7D0034E888 /* RootViewController.h */ = {isa = PBXFileReference; fileEncoding = 4; lastKnownFileType = sourcecode.c.h; name = RootViewController.h; path = Classes/RootViewController.h; sourceTree = "<group>"; };
		28C286E00D94DF7D0034E888 /* RootViewController.m */ = {isa = PBXFileReference; fileEncoding = 4; lastKnownFileType = sourcecode.c.objc; name = RootViewController.m; path = Classes/RootViewController.m; sourceTree = "<group>"; };
		28F335F01007B36200424DE2 /* RootViewController.xib */ = {isa = PBXFileReference; lastKnownFileType = file.xib; path = RootViewController.xib; sourceTree = "<group>"; };
		29B97316FDCFA39411CA2CEA /* main.m */ = {isa = PBXFileReference; fileEncoding = 4; lastKnownFileType = sourcecode.c.objc; path = main.m; sourceTree = "<group>"; };
		713DAFE313B933F40068637B /* libfacebook_ios_sdk.a */ = {isa = PBXFileReference; lastKnownFileType = archive.ar; name = libfacebook_ios_sdk.a; path = "../../../../Library/Developer/Xcode/DerivedData/FacebookDemoWorkSpace-ggxucodwrczfwmbsdyagxptbsxms/Build/Products/Debug-iphoneos/libfacebook_ios_sdk.a"; sourceTree = "<group>"; };
		713DAFE513B934EA0068637B /* FriendsListViewController.h */ = {isa = PBXFileReference; fileEncoding = 4; lastKnownFileType = sourcecode.c.h; path = FriendsListViewController.h; sourceTree = "<group>"; };
		713DAFE613B934EA0068637B /* FriendsListViewController.m */ = {isa = PBXFileReference; fileEncoding = 4; lastKnownFileType = sourcecode.c.objc; path = FriendsListViewController.m; sourceTree = "<group>"; };
		713DAFE713B934EA0068637B /* FriendsListViewController.xib */ = {isa = PBXFileReference; fileEncoding = 4; lastKnownFileType = file.xib; path = FriendsListViewController.xib; sourceTree = "<group>"; };
		713F66A91323B5FE00F489F4 /* FBRequestWrapper.h */ = {isa = PBXFileReference; fileEncoding = 4; lastKnownFileType = sourcecode.c.h; path = FBRequestWrapper.h; sourceTree = "<group>"; };
		713F66AA1323B5FE00F489F4 /* FBRequestWrapper.m */ = {isa = PBXFileReference; fileEncoding = 4; lastKnownFileType = sourcecode.c.objc; path = FBRequestWrapper.m; sourceTree = "<group>"; };
		713F66D91323C32300F489F4 /* StatusViewController.h */ = {isa = PBXFileReference; fileEncoding = 4; lastKnownFileType = sourcecode.c.h; path = StatusViewController.h; sourceTree = "<group>"; };
		713F66DA1323C32300F489F4 /* StatusViewController.m */ = {isa = PBXFileReference; fileEncoding = 4; lastKnownFileType = sourcecode.c.objc; path = StatusViewController.m; sourceTree = "<group>"; };
		713F66DB1323C32300F489F4 /* StatusViewController.xib */ = {isa = PBXFileReference; lastKnownFileType = file.xib; path = StatusViewController.xib; sourceTree = "<group>"; };
		713F67201323C8AC00F489F4 /* PostLinkViewController.h */ = {isa = PBXFileReference; fileEncoding = 4; lastKnownFileType = sourcecode.c.h; path = PostLinkViewController.h; sourceTree = "<group>"; };
		713F67211323C8AC00F489F4 /* PostLinkViewController.m */ = {isa = PBXFileReference; fileEncoding = 4; lastKnownFileType = sourcecode.c.objc; path = PostLinkViewController.m; sourceTree = "<group>"; };
		713F67221323C8AC00F489F4 /* PostLinkViewController.xib */ = {isa = PBXFileReference; lastKnownFileType = file.xib; path = PostLinkViewController.xib; sourceTree = "<group>"; };
		713F673C1323CB2000F489F4 /* PostPhotoViewController.h */ = {isa = PBXFileReference; fileEncoding = 4; lastKnownFileType = sourcecode.c.h; path = PostPhotoViewController.h; sourceTree = "<group>"; };
		713F673D1323CB2000F489F4 /* PostPhotoViewController.m */ = {isa = PBXFileReference; fileEncoding = 4; lastKnownFileType = sourcecode.c.objc; path = PostPhotoViewController.m; sourceTree = "<group>"; };
		713F673E1323CB2000F489F4 /* PostPhotoViewController.xib */ = {isa = PBXFileReference; lastKnownFileType = file.xib; path = PostPhotoViewController.xib; sourceTree = "<group>"; };
		713F67631323CDCE00F489F4 /* icodeblog-icon.png */ = {isa = PBXFileReference; lastKnownFileType = image.png; path = "icodeblog-icon.png"; sourceTree = "<group>"; };
		713F67BB1323D52F00F489F4 /* IFNNotificationDisplay.h */ = {isa = PBXFileReference; fileEncoding = 4; lastKnownFileType = sourcecode.c.h; path = IFNNotificationDisplay.h; sourceTree = "<group>"; };
		713F67BC1323D52F00F489F4 /* IFNNotificationDisplay.m */ = {isa = PBXFileReference; fileEncoding = 4; lastKnownFileType = sourcecode.c.objc; path = IFNNotificationDisplay.m; sourceTree = "<group>"; };
		713F67C71323D5C000F489F4 /* QuartzCore.framework */ = {isa = PBXFileReference; lastKnownFileType = wrapper.framework; name = QuartzCore.framework; path = System/Library/Frameworks/QuartzCore.framework; sourceTree = SDKROOT; };
		7165466E131D25F300BB373D /* FBFeedPost.h */ = {isa = PBXFileReference; fileEncoding = 4; lastKnownFileType = sourcecode.c.h; path = FBFeedPost.h; sourceTree = "<group>"; };
		7165466F131D25F300BB373D /* FBFeedPost.m */ = {isa = PBXFileReference; fileEncoding = 4; lastKnownFileType = sourcecode.c.objc; path = FBFeedPost.m; sourceTree = "<group>"; };
		8D1107310486CEB800E47090 /* Facebook_Demo-Info.plist */ = {isa = PBXFileReference; fileEncoding = 4; lastKnownFileType = text.plist.xml; path = "Facebook_Demo-Info.plist"; plistStructureDefinitionIdentifier = "com.apple.xcode.plist.structure-definition.iphone.info-plist"; sourceTree = "<group>"; };
/* End PBXFileReference section */

/* Begin PBXFrameworksBuildPhase section */
		1D60588F0D05DD3D006BFB54 /* Frameworks */ = {
			isa = PBXFrameworksBuildPhase;
			buildActionMask = 2147483647;
			files = (
				1D60589F0D05DD5A006BFB54 /* Foundation.framework in Frameworks */,
				1DF5F4E00D08C38300B7A737 /* UIKit.framework in Frameworks */,
				2892E4100DC94CBA00A64D0F /* CoreGraphics.framework in Frameworks */,
				713DAFE413B933F40068637B /* libfacebook_ios_sdk.a in Frameworks */,
				713F67C81323D5C000F489F4 /* QuartzCore.framework in Frameworks */,
			);
			runOnlyForDeploymentPostprocessing = 0;
		};
/* End PBXFrameworksBuildPhase section */

/* Begin PBXGroup section */
		080E96DDFE201D6D7F000001 /* Classes */ = {
			isa = PBXGroup;
			children = (
				7165466E131D25F300BB373D /* FBFeedPost.h */,
				7165466F131D25F300BB373D /* FBFeedPost.m */,
				713F66A91323B5FE00F489F4 /* FBRequestWrapper.h */,
				713F66AA1323B5FE00F489F4 /* FBRequestWrapper.m */,
			);
			path = Classes;
			sourceTree = "<group>";
		};
		19C28FACFE9D520D11CA2CBB /* Products */ = {
			isa = PBXGroup;
			children = (
				1D6058910D05DD3D006BFB54 /* Facebook Demo.app */,
			);
			name = Products;
			sourceTree = "<group>";
		};
		29B97314FDCFA39411CA2CEA /* CustomTemplate */ = {
			isa = PBXGroup;
			children = (
				713F67B61323D52000F489F4 /* Controls */,
				7165466D131D256F00BB373D /* App Delegate */,
				7165466C131D256500BB373D /* View Controllers */,
				7165461D131D1FA100BB373D /* External Frameworks */,
				080E96DDFE201D6D7F000001 /* Classes */,
				29B97315FDCFA39411CA2CEA /* Other Sources */,
				29B97317FDCFA39411CA2CEA /* Resources */,
				29B97323FDCFA39411CA2CEA /* Frameworks */,
				19C28FACFE9D520D11CA2CBB /* Products */,
			);
			name = CustomTemplate;
			sourceTree = "<group>";
		};
		29B97315FDCFA39411CA2CEA /* Other Sources */ = {
			isa = PBXGroup;
			children = (
				28A0AAE50D9B0CCF005BE974 /* Facebook_Demo_Prefix.pch */,
				29B97316FDCFA39411CA2CEA /* main.m */,
			);
			name = "Other Sources";
			sourceTree = "<group>";
		};
		29B97317FDCFA39411CA2CEA /* Resources */ = {
			isa = PBXGroup;
			children = (
				713F67631323CDCE00F489F4 /* icodeblog-icon.png */,
				28F335F01007B36200424DE2 /* RootViewController.xib */,
				28AD735F0D9D9599002E5188 /* MainWindow.xib */,
				8D1107310486CEB800E47090 /* Facebook_Demo-Info.plist */,
			);
			name = Resources;
			sourceTree = "<group>";
		};
		29B97323FDCFA39411CA2CEA /* Frameworks */ = {
			isa = PBXGroup;
			children = (
				1DF5F4DF0D08C38300B7A737 /* UIKit.framework */,
				1D30AB110D05D00D00671497 /* Foundation.framework */,
				2892E40F0DC94CBA00A64D0F /* CoreGraphics.framework */,
				713F67C71323D5C000F489F4 /* QuartzCore.framework */,
			);
			name = Frameworks;
			sourceTree = "<group>";
		};
		713F67B61323D52000F489F4 /* Controls */ = {
			isa = PBXGroup;
			children = (
				713F67BB1323D52F00F489F4 /* IFNNotificationDisplay.h */,
				713F67BC1323D52F00F489F4 /* IFNNotificationDisplay.m */,
			);
			name = Controls;
			sourceTree = "<group>";
		};
		7165461D131D1FA100BB373D /* External Frameworks */ = {
			isa = PBXGroup;
			children = (
				713DAFE313B933F40068637B /* libfacebook_ios_sdk.a */,
			);
			name = "External Frameworks";
			sourceTree = "<group>";
		};
		7165466C131D256500BB373D /* View Controllers */ = {
			isa = PBXGroup;
			children = (
				28C286DF0D94DF7D0034E888 /* RootViewController.h */,
				28C286E00D94DF7D0034E888 /* RootViewController.m */,
				713F66D91323C32300F489F4 /* StatusViewController.h */,
				713F66DA1323C32300F489F4 /* StatusViewController.m */,
				713F66DB1323C32300F489F4 /* StatusViewController.xib */,
				713F67201323C8AC00F489F4 /* PostLinkViewController.h */,
				713F67211323C8AC00F489F4 /* PostLinkViewController.m */,
				713F67221323C8AC00F489F4 /* PostLinkViewController.xib */,
				713F673C1323CB2000F489F4 /* PostPhotoViewController.h */,
				713F673D1323CB2000F489F4 /* PostPhotoViewController.m */,
				713F673E1323CB2000F489F4 /* PostPhotoViewController.xib */,
				713DAFE513B934EA0068637B /* FriendsListViewController.h */,
				713DAFE613B934EA0068637B /* FriendsListViewController.m */,
				713DAFE713B934EA0068637B /* FriendsListViewController.xib */,
			);
			name = "View Controllers";
			sourceTree = "<group>";
		};
		7165466D131D256F00BB373D /* App Delegate */ = {
			isa = PBXGroup;
			children = (
				1D3623240D0F684500981E51 /* Facebook_DemoAppDelegate.h */,
				1D3623250D0F684500981E51 /* Facebook_DemoAppDelegate.m */,
			);
			name = "App Delegate";
			sourceTree = "<group>";
		};
/* End PBXGroup section */

/* Begin PBXNativeTarget section */
		1D6058900D05DD3D006BFB54 /* Facebook Demo */ = {
			isa = PBXNativeTarget;
			buildConfigurationList = 1D6058960D05DD3E006BFB54 /* Build configuration list for PBXNativeTarget "Facebook Demo" */;
			buildPhases = (
				1D60588D0D05DD3D006BFB54 /* Resources */,
				1D60588E0D05DD3D006BFB54 /* Sources */,
				1D60588F0D05DD3D006BFB54 /* Frameworks */,
			);
			buildRules = (
			);
			dependencies = (
			);
			name = "Facebook Demo";
			productName = "Facebook Demo";
			productReference = 1D6058910D05DD3D006BFB54 /* Facebook Demo.app */;
			productType = "com.apple.product-type.application";
		};
/* End PBXNativeTarget section */

/* Begin PBXProject section */
		29B97313FDCFA39411CA2CEA /* Project object */ = {
			isa = PBXProject;
			buildConfigurationList = C01FCF4E08A954540054247B /* Build configuration list for PBXProject "Facebook Demo" */;
			compatibilityVersion = "Xcode 3.1";
			developmentRegion = English;
			hasScannedForEncodings = 1;
			knownRegions = (
				English,
				Japanese,
				French,
				German,
				en,
			);
			mainGroup = 29B97314FDCFA39411CA2CEA /* CustomTemplate */;
			projectDirPath = "";
			projectRoot = "";
			targets = (
				1D6058900D05DD3D006BFB54 /* Facebook Demo */,
			);
		};
/* End PBXProject section */

/* Begin PBXResourcesBuildPhase section */
		1D60588D0D05DD3D006BFB54 /* Resources */ = {
			isa = PBXResourcesBuildPhase;
			buildActionMask = 2147483647;
			files = (
				28AD73600D9D9599002E5188 /* MainWindow.xib in Resources */,
				28F335F11007B36200424DE2 /* RootViewController.xib in Resources */,
				713F66DD1323C32300F489F4 /* StatusViewController.xib in Resources */,
				713F67241323C8AC00F489F4 /* PostLinkViewController.xib in Resources */,
				713F67401323CB2000F489F4 /* PostPhotoViewController.xib in Resources */,
				713F67641323CDCE00F489F4 /* icodeblog-icon.png in Resources */,
				713DAFE913B934EA0068637B /* FriendsListViewController.xib in Resources */,
			);
			runOnlyForDeploymentPostprocessing = 0;
		};
/* End PBXResourcesBuildPhase section */

/* Begin PBXSourcesBuildPhase section */
		1D60588E0D05DD3D006BFB54 /* Sources */ = {
			isa = PBXSourcesBuildPhase;
			buildActionMask = 2147483647;
			files = (
				1D60589B0D05DD56006BFB54 /* main.m in Sources */,
				1D3623260D0F684500981E51 /* Facebook_DemoAppDelegate.m in Sources */,
				28C286E10D94DF7D0034E888 /* RootViewController.m in Sources */,
				71654670131D25F300BB373D /* FBFeedPost.m in Sources */,
				713F66AB1323B5FE00F489F4 /* FBRequestWrapper.m in Sources */,
				713F66DC1323C32300F489F4 /* StatusViewController.m in Sources */,
				713F67231323C8AC00F489F4 /* PostLinkViewController.m in Sources */,
				713F673F1323CB2000F489F4 /* PostPhotoViewController.m in Sources */,
				713F67BD1323D52F00F489F4 /* IFNNotificationDisplay.m in Sources */,
				713DAFE813B934EA0068637B /* FriendsListViewController.m in Sources */,
			);
			runOnlyForDeploymentPostprocessing = 0;
		};
/* End PBXSourcesBuildPhase section */

/* Begin XCBuildConfiguration section */
		1D6058940D05DD3E006BFB54 /* Debug */ = {
			isa = XCBuildConfiguration;
			buildSettings = {
				ALWAYS_SEARCH_USER_PATHS = NO;
				COPY_PHASE_STRIP = NO;
				GCC_DYNAMIC_NO_PIC = NO;
				GCC_OPTIMIZATION_LEVEL = 0;
				GCC_PRECOMPILE_PREFIX_HEADER = YES;
				GCC_PREFIX_HEADER = Facebook_Demo_Prefix.pch;
				HEADER_SEARCH_PATHS = "\"$(SRCROOT)/../../facebook-ios-sdk\"/**";
				INFOPLIST_FILE = "Facebook_Demo-Info.plist";
				LIBRARY_SEARCH_PATHS = (
					"$(inherited)",
					"\"$(SRCROOT)/../../../../Library/Developer/Xcode/DerivedData/FacebookDemoWorkSpace-ggxucodwrczfwmbsdyagxptbsxms/Build/Products/Debug-iphoneos\"",
				);
				PRODUCT_NAME = "Facebook Demo";
			};
			name = Debug;
		};
		1D6058950D05DD3E006BFB54 /* Release */ = {
			isa = XCBuildConfiguration;
			buildSettings = {
				ALWAYS_SEARCH_USER_PATHS = NO;
				COPY_PHASE_STRIP = YES;
				GCC_PRECOMPILE_PREFIX_HEADER = YES;
				GCC_PREFIX_HEADER = Facebook_Demo_Prefix.pch;
				HEADER_SEARCH_PATHS = "\"$(SRCROOT)/../../facebook-ios-sdk\"/**";
				INFOPLIST_FILE = "Facebook_Demo-Info.plist";
				LIBRARY_SEARCH_PATHS = (
					"$(inherited)",
					"\"$(SRCROOT)/../../../../Library/Developer/Xcode/DerivedData/FacebookDemoWorkSpace-ggxucodwrczfwmbsdyagxptbsxms/Build/Products/Debug-iphoneos\"",
				);
				PRODUCT_NAME = "Facebook Demo";
				VALIDATE_PRODUCT = YES;
			};
			name = Release;
		};
		C01FCF4F08A954540054247B /* Debug */ = {
			isa = XCBuildConfiguration;
			buildSettings = {
				ARCHS = "$(ARCHS_STANDARD_32_BIT)";
				"CODE_SIGN_IDENTITY[sdk=iphoneos*]" = "iPhone Developer";
				GCC_C_LANGUAGE_STANDARD = c99;
				GCC_WARN_ABOUT_RETURN_TYPE = YES;
				GCC_WARN_UNUSED_VARIABLE = YES;
				PREBINDING = NO;
				SDKROOT = iphoneos;
			};
			name = Debug;
		};
		C01FCF5008A954540054247B /* Release */ = {
			isa = XCBuildConfiguration;
			buildSettings = {
				ARCHS = "$(ARCHS_STANDARD_32_BIT)";
				"CODE_SIGN_IDENTITY[sdk=iphoneos*]" = "iPhone Developer";
				GCC_C_LANGUAGE_STANDARD = c99;
				GCC_WARN_ABOUT_RETURN_TYPE = YES;
				GCC_WARN_UNUSED_VARIABLE = YES;
				OTHER_CFLAGS = "-DNS_BLOCK_ASSERTIONS=1";
				PREBINDING = NO;
				SDKROOT = iphoneos;
			};
			name = Release;
		};
/* End XCBuildConfiguration section */

/* Begin XCConfigurationList section */
		1D6058960D05DD3E006BFB54 /* Build configuration list for PBXNativeTarget "Facebook Demo" */ = {
			isa = XCConfigurationList;
			buildConfigurations = (
				1D6058940D05DD3E006BFB54 /* Debug */,
				1D6058950D05DD3E006BFB54 /* Release */,
			);
			defaultConfigurationIsVisible = 0;
			defaultConfigurationName = Release;
		};
		C01FCF4E08A954540054247B /* Build configuration list for PBXProject "Facebook Demo" */ = {
			isa = XCConfigurationList;
			buildConfigurations = (
				C01FCF4F08A954540054247B /* Debug */,
				C01FCF5008A954540054247B /* Release */,
			);
			defaultConfigurationIsVisible = 0;
			defaultConfigurationName = Release;
		};
/* End XCConfigurationList section */
	};
	rootObject = 29B97313FDCFA39411CA2CEA /* Project object */;
}
